
Microsoft Visual Studio Solution File, Format Version 12.00
# Visual Studio Version 17
VisualStudioVersion = 17.9.34622.214
MinimumVisualStudioVersion = 10.0.40219.1
Project("{FAE04EC0-301F-11D3-BF4B-00C04F79EFBC}") = "OOP3Belovol", "OOP3Belovol\OOP3Belovol.csproj", "{144E2F67-7684-4644-9884-A96C22138078}"
EndProject
Global
	GlobalSection(SolutionConfigurationPlatforms) = preSolution
		Debug|Any CPU = Debug|Any CPU
		Release|Any CPU = Release|Any CPU
	EndGlobalSection
	GlobalSection(ProjectConfigurationPlatforms) = postSolution
		{144E2F67-7684-4644-9884-A96C22138078}.Debug|Any CPU.ActiveCfg = Debug|Any CPU
		{144E2F67-7684-4644-9884-A96C22138078}.Debug|Any CPU.Build.0 = Debug|Any CPU
		{144E2F67-7684-4644-9884-A96C22138078}.Release|Any CPU.ActiveCfg = Release|Any CPU
		{144E2F67-7684-4644-9884-A96C22138078}.Release|Any CPU.Build.0 = Release|Any CPU
	EndGlobalSection
	GlobalSection(SolutionProperties) = preSolution
		HideSolutionNode = FALSE
	EndGlobalSection
	GlobalSection(ExtensibilityGlobals) = postSolution
		SolutionGuid = {2EFA823A-B3C2-43F8-9302-90F83FE0E213}
	EndGlobalSection
EndGlobal
